# THIS IS AN AUTOGENERATED FILE. DO NOT EDIT THIS FILE DIRECTLY.
# yarn lockfile v1


"@faker-js/faker@^10.4.0":
  version "10.4.0"
  resolved "https://registry.yarnpkg.com/@faker-js/faker/-/faker-10.4.0.tgz#2dc84d1bc32a2eef3c4658985ca7692a0c5c51b3"

"@playwright/test@^1.59.1":
  version "1.59.1"
  resolved "https://registry.yarnpkg.com/@playwright/test/-/test-1.59.1.tgz#5c4d38eac84a61527af466602ae20277685a02d6"
  dependencies:
    playwright "1.59.1"

"@types/node@^25.5.2":
  version "25.6.0"
  resolved "https://registry.yarnpkg.com/@types/node/-/node-25.6.0.tgz#4e09bad9b469871f2d0f68140198cbd714f4edca"
  dependencies:
    undici-types "~7.19.0"

fsevents@2.3.2:
  version "2.3.2"
  resolved "https://registry.yarnpkg.com/fsevents/-/fsevents-2.3.2.tgz#8a526f78b8fdf4623b709e0b975c52c24c02fd1a"

playwright-core@1.59.1:
  version "1.59.1"
  resolved "https://registry.yarnpkg.com/playwright-core/-/playwright-core-1.59.1.tgz#d8a2b28bcb8f2bd08ef3df93b02ae83c813244b2"

playwright@1.59.1:
  version "1.59.1"
  resolved "https://registry.yarnpkg.com/playwright/-/playwright-1.59.1.tgz#f7b0ca61637ae25264cec370df671bbe1f368a4a"
  dependencies:
    playwright-core "1.59.1"
  optionalDependencies:
    fsevents "2.3.2"

undici-types@~7.19.0:
  version "7.19.2"
  resolved "https://registry.yarnpkg.com/undici-types/-/undici-types-7.19.2.tgz#1b67fc26d0f157a0cba3a58a5b5c1e2276b8ba2a"
